// !$*UTF8*$!
{
	archiveVersion = 1;
	classes = {
	};
	objectVersion = 46;
	objects = {

/* Begin PBXBuildFile section */
		914BAEA51CBBA6D10060F98E /* AppDelegate.swift in Sources */ = {isa = PBXBuildFile; fileRef = 914BAEA41CBBA6D10060F98E /* AppDelegate.swift */; };
		914BAEA81CBBA6D20060F98E /* Fisu.xcdatamodeld in Sources */ = {isa = PBXBuildFile; fileRef = 914BAEA61CBBA6D20060F98E /* Fisu.xcdatamodeld */; };
		914BAEAA1CBBA6D20060F98E /* MasterViewController.swift in Sources */ = {isa = PBXBuildFile; fileRef = 914BAEA91CBBA6D20060F98E /* MasterViewController.swift */; };
		914BAEAC1CBBA6D20060F98E /* DetailViewController.swift in Sources */ = {isa = PBXBuildFile; fileRef = 914BAEAB1CBBA6D20060F98E /* DetailViewController.swift */; };
		914BAEAF1CBBA6D20060F98E /* Main.storyboard in Resources */ = {isa = PBXBuildFile; fileRef = 914BAEAD1CBBA6D20060F98E /* Main.storyboard */; };
		914BAEB11CBBA6D20060F98E /* Assets.xcassets in Resources */ = {isa = PBXBuildFile; fileRef = 914BAEB01CBBA6D20060F98E /* Assets.xcassets */; };
		914BAEB41CBBA6D20060F98E /* LaunchScreen.storyboard in Resources */ = {isa = PBXBuildFile; fileRef = 914BAEB21CBBA6D20060F98E /* LaunchScreen.storyboard */; };
		914BAEBF1CBBA6D20060F98E /* FisuTests.swift in Sources */ = {isa = PBXBuildFile; fileRef = 914BAEBE1CBBA6D20060F98E /* FisuTests.swift */; };
		914BAECA1CBBA6D20060F98E /* FisuUITests.swift in Sources */ = {isa = PBXBuildFile; fileRef = 914BAEC91CBBA6D20060F98E /* FisuUITests.swift */; };
/* End PBXBuildFile section */

/* Begin PBXContainerItemProxy section */
		914BAEBB1CBBA6D20060F98E /* PBXContainerItemProxy */ = {
			isa = PBXContainerItemProxy;
			containerPortal = 914BAE991CBBA6D10060F98E /* Project object */;
			proxyType = 1;
			remoteGlobalIDString = 914BAEA01CBBA6D10060F98E;
			remoteInfo = Fisu;
		};
		914BAEC61CBBA6D20060F98E /* PBXContainerItemProxy */ = {
			isa = PBXContainerItemProxy;
			containerPortal = 914BAE991CBBA6D10060F98E /* Project object */;
			proxyType = 1;
			remoteGlobalIDString = 914BAEA01CBBA6D10060F98E;
			remoteInfo = Fisu;
		};
/* End PBXContainerItemProxy section */

/* Begin PBXFileReference section */
		914BAEA11CBBA6D10060F98E /* Fisu.app */ = {isa = PBXFileReference; explicitFileType = wrapper.application; includeInIndex = 0; path = Fisu.app; sourceTree = BUILT_PRODUCTS_DIR; };
		914BAEA41CBBA6D10060F98E /* AppDelegate.swift */ = {isa = PBXFileReference; lastKnownFileType = sourcecode.swift; path = AppDelegate.swift; sourceTree = "<group>"; };
		914BAEA71CBBA6D20060F98E /* Fisu.xcdatamodel */ = {isa = PBXFileReference; lastKnownFileType = wrapper.xcdatamodel; path = Fisu.xcdatamodel; sourceTree = "<group>"; };
		914BAEA91CBBA6D20060F98E /* MasterViewController.swift */ = {isa = PBXFileReference; lastKnownFileType = sourcecode.swift; path = MasterViewController.swift; sourceTree = "<group>"; };
		914BAEAB1CBBA6D20060F98E /* DetailViewController.swift */ = {isa = PBXFileReference; lastKnownFileType = sourcecode.swift; path = DetailViewController.swift; sourceTree = "<group>"; };
		914BAEAE1CBBA6D20060F98E /* Base */ = {isa = PBXFileReference; lastKnownFileType = file.storyboard; name = Base; path = Base.lproj/Main.storyboard; sourceTree = "<group>"; };
		914BAEB01CBBA6D20060F98E /* Assets.xcassets */ = {isa = PBXFileReference; lastKnownFileType = folder.assetcatalog; path = Assets.xcassets; sourceTree = "<group>"; };
		914BAEB31CBBA6D20060F98E /* Base */ = {isa = PBXFileReference; lastKnownFileType = file.storyboard; name = Base; path = Base.lproj/LaunchScreen.storyboard; sourceTree = "<group>"; };
		914BAEB51CBBA6D20060F98E /* Info.plist */ = {isa = PBXFileReference; lastKnownFileType = text.plist.xml; path = Info.plist; sourceTree = "<group>"; };
		914BAEBA1CBBA6D20060F98E /* FisuTests.xctest */ = {isa = PBXFileReference; explicitFileType = wrapper.cfbundle; includeInIndex = 0; path = FisuTests.xctest; sourceTree = BUILT_PRODUCTS_DIR; };
		914BAEBE1CBBA6D20060F98E /* FisuTests.swift */ = {isa = PBXFileReference; lastKnownFileType = sourcecode.swift; path = FisuTests.swift; sourceTree = "<group>"; };
		914BAEC01CBBA6D20060F98E /* Info.plist */ = {isa = PBXFileReference; lastKnownFileType = text.plist.xml; path = Info.plist; sourceTree = "<group>"; };
		914BAEC51CBBA6D20060F98E /* FisuUITests.xctest */ = {isa = PBXFileReference; explicitFileType = wrapper.cfbundle; includeInIndex = 0; path = FisuUITests.xctest; sourceTree = BUILT_PRODUCTS_DIR; };
		914BAEC91CBBA6D20060F98E /* FisuUITests.swift */ = {isa = PBXFileReference; lastKnownFileType = sourcecode.swift; path = FisuUITests.swift; sourceTree = "<group>"; };
		914BAECB1CBBA6D20060F98E /* Info.plist */ = {isa = PBXFileReference; lastKnownFileType = text.plist.xml; path = Info.plist; sourceTree = "<group>"; };
/* End PBXFileReference section */

/* Begin PBXFrameworksBuildPhase section */
		914BAE9E1CBBA6D10060F98E /* Frameworks */ = {
			isa = PBXFrameworksBuildPhase;
			buildActionMask = 2147483647;
			files = (
			);
			runOnlyForDeploymentPostprocessing = 0;
		};
		914BAEB71CBBA6D20060F98E /* Frameworks */ = {
			isa = PBXFrameworksBuildPhase;
			buildActionMask = 2147483647;
			files = (
			);
			runOnlyForDeploymentPostprocessing = 0;
		};
		914BAEC21CBBA6D20060F98E /* Frameworks */ = {
			isa = PBXFrameworksBuildPhase;
			buildActionMask = 2147483647;
			files = (
			);
			runOnlyForDeploymentPostprocessing = 0;
		};
/* End PBXFrameworksBuildPhase section */

/* Begin PBXGroup section */
		914BAE981CBBA6D10060F98E = {
			isa = PBXGroup;
			children = (
				914BAEA31CBBA6D10060F98E /* Fisu */,
				914BAEBD1CBBA6D20060F98E /* FisuTests */,
				914BAEC81CBBA6D20060F98E /* FisuUITests */,
				914BAEA21CBBA6D10060F98E /* Products */,
			);
			sourceTree = "<group>";
		};
		914BAEA21CBBA6D10060F98E /* Products */ = {
			isa = PBXGroup;
			children = (
				914BAEA11CBBA6D10060F98E /* Fisu.app */,
				914BAEBA1CBBA6D20060F98E /* FisuTests.xctest */,
				914BAEC51CBBA6D20060F98E /* FisuUITests.xctest */,
			);
			name = Products;
			sourceTree = "<group>";
		};
		914BAEA31CBBA6D10060F98E /* Fisu */ = {
			isa = PBXGroup;
			children = (
				914BAEA41CBBA6D10060F98E /* AppDelegate.swift */,
				914BAEA91CBBA6D20060F98E /* MasterViewController.swift */,
				914BAEAB1CBBA6D20060F98E /* DetailViewController.swift */,
				914BAEAD1CBBA6D20060F98E /* Main.storyboard */,
				914BAEB01CBBA6D20060F98E /* Assets.xcassets */,
				914BAEB21CBBA6D20060F98E /* LaunchScreen.storyboard */,
				914BAEB51CBBA6D20060F98E /* Info.plist */,
				914BAEA61CBBA6D20060F98E /* Fisu.xcdatamodeld */,
			);
			path = Fisu;
			sourceTree = "<group>";
		};
		914BAEBD1CBBA6D20060F98E /* FisuTests */ = {
			isa = PBXGroup;
			children = (
				914BAEBE1CBBA6D20060F98E /* FisuTests.swift */,
				914BAEC01CBBA6D20060F98E /* Info.plist */,
			);
			path = FisuTests;
			sourceTree = "<group>";
		};
		914BAEC81CBBA6D20060F98E /* FisuUITests */ = {
			isa = PBXGroup;
			children = (
				914BAEC91CBBA6D20060F98E /* FisuUITests.swift */,
				914BAECB1CBBA6D20060F98E /* Info.plist */,
			);
			path = FisuUITests;
			sourceTree = "<group>";
		};
/* End PBXGroup section */

/* Begin PBXNativeTarget section */
		914BAEA01CBBA6D10060F98E /* Fisu */ = {
			isa = PBXNativeTarget;
			buildConfigurationList = 914BAECE1CBBA6D20060F98E /* Build configuration list for PBXNativeTarget "Fisu" */;
			buildPhases = (
				914BAE9D1CBBA6D10060F98E /* Sources */,
				914BAE9E1CBBA6D10060F98E /* Frameworks */,
				914BAE9F1CBBA6D10060F98E /* Resources */,
			);
			buildRules = (
			);
			dependencies = (
			);
			name = Fisu;
			productName = Fisu;
			productReference = 914BAEA11CBBA6D10060F98E /* Fisu.app */;
			productType = "com.apple.product-type.application";
		};
		914BAEB91CBBA6D20060F98E /* FisuTests */ = {
			isa = PBXNativeTarget;
			buildConfigurationList = 914BAED11CBBA6D20060F98E /* Build configuration list for PBXNativeTarget "FisuTests" */;
			buildPhases = (
				914BAEB61CBBA6D20060F98E /* Sources */,
				914BAEB71CBBA6D20060F98E /* Frameworks */,
				914BAEB81CBBA6D20060F98E /* Resources */,
			);
			buildRules = (
			);
			dependencies = (
				914BAEBC1CBBA6D20060F98E /* PBXTargetDependency */,
			);
			name = FisuTests;
			productName = FisuTests;
			productReference = 914BAEBA1CBBA6D20060F98E /* FisuTests.xctest */;
			productType = "com.apple.product-type.bundle.unit-test";
		};
		914BAEC41CBBA6D20060F98E /* FisuUITests */ = {
			isa = PBXNativeTarget;
			buildConfigurationList = 914BAED41CBBA6D20060F98E /* Build configuration list for PBXNativeTarget "FisuUITests" */;
			buildPhases = (
				914BAEC11CBBA6D20060F98E /* Sources */,
				914BAEC21CBBA6D20060F98E /* Frameworks */,
				914BAEC31CBBA6D20060F98E /* Resources */,
			);
			buildRules = (
			);
			dependencies = (
				914BAEC71CBBA6D20060F98E /* PBXTargetDependency */,
			);
			name = FisuUITests;
			productName = FisuUITests;
			productReference = 914BAEC51CBBA6D20060F98E /* FisuUITests.xctest */;
			productType = "com.apple.product-type.bundle.ui-testing";
		};
/* End PBXNativeTarget section */

/* Begin PBXProject section */
		914BAE991CBBA6D10060F98E /* Project object */ = {
			isa = PBXProject;
			attributes = {
				LastSwiftUpdateCheck = 0730;
				LastUpgradeCheck = 0730;
				ORGANIZATIONNAME = "Mehdi Chamouma";
				TargetAttributes = {
					914BAEA01CBBA6D10060F98E = {
						CreatedOnToolsVersion = 7.3;
					};
					914BAEB91CBBA6D20060F98E = {
						CreatedOnToolsVersion = 7.3;
						TestTargetID = 914BAEA01CBBA6D10060F98E;
					};
					914BAEC41CBBA6D20060F98E = {
						CreatedOnToolsVersion = 7.3;
						TestTargetID = 914BAEA01CBBA6D10060F98E;
					};
				};
			};
			buildConfigurationList = 914BAE9C1CBBA6D10060F98E /* Build configuration list for PBXProject "Fisu" */;
			compatibilityVersion = "Xcode 3.2";
			developmentRegion = English;
			hasScannedForEncodings = 0;
			knownRegions = (
				en,
				Base,
			);
			mainGroup = 914BAE981CBBA6D10060F98E;
			productRefGroup = 914BAEA21CBBA6D10060F98E /* Products */;
			projectDirPath = "";
			projectRoot = "";
			targets = (
				914BAEA01CBBA6D10060F98E /* Fisu */,
				914BAEB91CBBA6D20060F98E /* FisuTests */,
				914BAEC41CBBA6D20060F98E /* FisuUITests */,
			);
		};
/* End PBXProject section */

/* Begin PBXResourcesBuildPhase section */
		914BAE9F1CBBA6D10060F98E /* Resources */ = {
			isa = PBXResourcesBuildPhase;
			buildActionMask = 2147483647;
			files = (
				914BAEB41CBBA6D20060F98E /* LaunchScreen.storyboard in Resources */,
				914BAEB11CBBA6D20060F98E /* Assets.xcassets in Resources */,
				914BAEAF1CBBA6D20060F98E /* Main.storyboard in Resources */,
			);
			runOnlyForDeploymentPostprocessing = 0;
		};
		914BAEB81CBBA6D20060F98E /* Resources */ = {
			isa = PBXResourcesBuildPhase;
			buildActionMask = 2147483647;
			files = (
			);
			runOnlyForDeploymentPostprocessing = 0;
		};
		914BAEC31CBBA6D20060F98E /* Resources */ = {
			isa = PBXResourcesBuildPhase;
			buildActionMask = 2147483647;
			files = (
			);
			runOnlyForDeploymentPostprocessing = 0;
		};
/* End PBXResourcesBuildPhase section */

/* Begin PBXSourcesBuildPhase section */
		914BAE9D1CBBA6D10060F98E /* Sources */ = {
			isa = PBXSourcesBuildPhase;
			buildActionMask = 2147483647;
			files = (
				914BAEA81CBBA6D20060F98E /* Fisu.xcdatamodeld in Sources */,
				914BAEA51CBBA6D10060F98E /* AppDelegate.swift in Sources */,
				914BAEAA1CBBA6D20060F98E /* MasterViewController.swift in Sources */,
				914BAEAC1CBBA6D20060F98E /* DetailViewController.swift in Sources */,
			);
			runOnlyForDeploymentPostprocessing = 0;
		};
		914BAEB61CBBA6D20060F98E /* Sources */ = {
			isa = PBXSourcesBuildPhase;
			buildActionMask = 2147483647;
			files = (
				914BAEBF1CBBA6D20060F98E /* FisuTests.swift in Sources */,
			);
			runOnlyForDeploymentPostprocessing = 0;
		};
		914BAEC11CBBA6D20060F98E /* Sources */ = {
			isa = PBXSourcesBuildPhase;
			buildActionMask = 2147483647;
			files = (
				914BAECA1CBBA6D20060F98E /* FisuUITests.swift in Sources */,
			);
			runOnlyForDeploymentPostprocessing = 0;
		};
/* End PBXSourcesBuildPhase section */

/* Begin PBXTargetDependency section */
		914BAEBC1CBBA6D20060F98E /* PBXTargetDependency */ = {
			isa = PBXTargetDependency;
			target = 914BAEA01CBBA6D10060F98E /* Fisu */;
			targetProxy = 914BAEBB1CBBA6D20060F98E /* PBXContainerItemProxy */;
		};
		914BAEC71CBBA6D20060F98E /* PBXTargetDependency */ = {
			isa = PBXTargetDependency;
			target = 914BAEA01CBBA6D10060F98E /* Fisu */;
			targetProxy = 914BAEC61CBBA6D20060F98E /* PBXContainerItemProxy */;
		};
/* End PBXTargetDependency section */

/* Begin PBXVariantGroup section */
		914BAEAD1CBBA6D20060F98E /* Main.storyboard */ = {
			isa = PBXVariantGroup;
			children = (
				914BAEAE1CBBA6D20060F98E /* Base */,
			);
			name = Main.storyboard;
			sourceTree = "<group>";
		};
		914BAEB21CBBA6D20060F98E /* LaunchScreen.storyboard */ = {
			isa = PBXVariantGroup;
			children = (
				914BAEB31CBBA6D20060F98E /* Base */,
			);
			name = LaunchScreen.storyboard;
			sourceTree = "<group>";
		};
/* End PBXVariantGroup section */

/* Begin XCBuildConfiguration section */
		914BAECC1CBBA6D20060F98E /* Debug */ = {
			isa = XCBuildConfiguration;
			buildSettings = {
				ALWAYS_SEARCH_USER_PATHS = NO;
				CLANG_ANALYZER_NONNULL = YES;
				CLANG_CXX_LANGUAGE_STANDARD = "gnu++0x";
				CLANG_CXX_LIBRARY = "libc++";
				CLANG_ENABLE_MODULES = YES;
				CLANG_ENABLE_OBJC_ARC = YES;
				CLANG_WARN_BOOL_CONVERSION = YES;
				CLANG_WARN_CONSTANT_CONVERSION = YES;
				CLANG_WARN_DIRECT_OBJC_ISA_USAGE = YES_ERROR;
				CLANG_WARN_EMPTY_BODY = YES;
				CLANG_WARN_ENUM_CONVERSION = YES;
				CLANG_WARN_INT_CONVERSION = YES;
				CLANG_WARN_OBJC_ROOT_CLASS = YES_ERROR;
				CLANG_WARN_UNREACHABLE_CODE = YES;
				CLANG_WARN__DUPLICATE_METHOD_MATCH = YES;
				"CODE_SIGN_IDENTITY[sdk=iphoneos*]" = "iPhone Developer";
				COPY_PHASE_STRIP = NO;
				DEBUG_INFORMATION_FORMAT = dwarf;
				ENABLE_STRICT_OBJC_MSGSEND = YES;
				ENABLE_TESTABILITY = YES;
				GCC_C_LANGUAGE_STANDARD = gnu99;
				GCC_DYNAMIC_NO_PIC = NO;
				GCC_NO_COMMON_BLOCKS = YES;
				GCC_OPTIMIZATION_LEVEL = 0;
				GCC_PREPROCESSOR_DEFINITIONS = (
					"DEBUG=1",
					"$(inherited)",
				);
				GCC_WARN_64_TO_32_BIT_CONVERSION = YES;
				GCC_WARN_ABOUT_RETURN_TYPE = YES_ERROR;
				GCC_WARN_UNDECLARED_SELECTOR = YES;
				GCC_WARN_UNINITIALIZED_AUTOS = YES_AGGRESSIVE;
				GCC_WARN_UNUSED_FUNCTION = YES;
				GCC_WARN_UNUSED_VARIABLE = YES;
				IPHONEOS_DEPLOYMENT_TARGET = 9.3;
				MTL_ENABLE_DEBUG_INFO = YES;
				ONLY_ACTIVE_ARCH = YES;
				SDKROOT = iphoneos;
				SWIFT_OPTIMIZATION_LEVEL = "-Onone";
			};
			name = Debug;
		};
		914BAECD1CBBA6D20060F98E /* Release */ = {
			isa = XCBuildConfiguration;
			buildSettings = {
				ALWAYS_SEARCH_USER_PATHS = NO;
				CLANG_ANALYZER_NONNULL = YES;
				CLANG_CXX_LANGUAGE_STANDARD = "gnu++0x";
				CLANG_CXX_LIBRARY = "libc++";
				CLANG_ENABLE_MODULES = YES;
				CLANG_ENABLE_OBJC_ARC = YES;
				CLANG_WARN_BOOL_CONVERSION = YES;
				CLANG_WARN_CONSTANT_CONVERSION = YES;
				CLANG_WARN_DIRECT_OBJC_ISA_USAGE = YES_ERROR;
				CLANG_WARN_EMPTY_BODY = YES;
				CLANG_WARN_ENUM_CONVERSION = YES;
				CLANG_WARN_INT_CONVERSION = YES;
				CLANG_WARN_OBJC_ROOT_CLASS = YES_ERROR;
				CLANG_WARN_UNREACHABLE_CODE = YES;
				CLANG_WARN__DUPLICATE_METHOD_MATCH = YES;
				"CODE_SIGN_IDENTITY[sdk=iphoneos*]" = "iPhone Developer";
				COPY_PHASE_STRIP = NO;
				DEBUG_INFORMATION_FORMAT = "dwarf-with-dsym";
				ENABLE_NS_ASSERTIONS = NO;
				ENABLE_STRICT_OBJC_MSGSEND = YES;
				GCC_C_LANGUAGE_STANDARD = gnu99;
				GCC_NO_COMMON_BLOCKS = YES;
				GCC_WARN_64_TO_32_BIT_CONVERSION = YES;
				GCC_WARN_ABOUT_RETURN_TYPE = YES_ERROR;
				GCC_WARN_UNDECLARED_SELECTOR = YES;
				GCC_WARN_UNINITIALIZED_AUTOS = YES_AGGRESSIVE;
				GCC_WARN_UNUSED_FUNCTION = YES;
				GCC_WARN_UNUSED_VARIABLE = YES;
				IPHONEOS_DEPLOYMENT_TARGET = 9.3;
				MTL_ENABLE_DEBUG_INFO = NO;
				SDKROOT = iphoneos;
				VALIDATE_PRODUCT = YES;
			};
			name = Release;
		};
		914BAECF1CBBA6D20060F98E /* Debug */ = {
			isa = XCBuildConfiguration;
			buildSettings = {
				ASSETCATALOG_COMPILER_APPICON_NAME = AppIcon;
				INFOPLIST_FILE = Fisu/Info.plist;
				LD_RUNPATH_SEARCH_PATHS = "$(inherited) @executable_path/Frameworks";
				PRODUCT_BUNDLE_IDENTIFIER = com.fatimehdi.Fisu;
				PRODUCT_NAME = "$(TARGET_NAME)";
			};
			name = Debug;
		};
		914BAED01CBBA6D20060F98E /* Release */ = {
			isa = XCBuildConfiguration;
			buildSettings = {
				ASSETCATALOG_COMPILER_APPICON_NAME = AppIcon;
				INFOPLIST_FILE = Fisu/Info.plist;
				LD_RUNPATH_SEARCH_PATHS = "$(inherited) @executable_path/Frameworks";
				PRODUCT_BUNDLE_IDENTIFIER = com.fatimehdi.Fisu;
				PRODUCT_NAME = "$(TARGET_NAME)";
			};
			name = Release;
		};
		914BAED21CBBA6D20060F98E /* Debug */ = {
			isa = XCBuildConfiguration;
			buildSettings = {
				BUNDLE_LOADER = "$(TEST_HOST)";
				INFOPLIST_FILE = FisuTests/Info.plist;
				LD_RUNPATH_SEARCH_PATHS = "$(inherited) @executable_path/Frameworks @loader_path/Frameworks";
				PRODUCT_BUNDLE_IDENTIFIER = com.fatimehdi.FisuTests;
				PRODUCT_NAME = "$(TARGET_NAME)";
				TEST_HOST = "$(BUILT_PRODUCTS_DIR)/Fisu.app/Fisu";
			};
			name = Debug;
		};
		914BAED31CBBA6D20060F98E /* Release */ = {
			isa = XCBuildConfiguration;
			buildSettings = {
				BUNDLE_LOADER = "$(TEST_HOST)";
				INFOPLIST_FILE = FisuTests/Info.plist;
				LD_RUNPATH_SEARCH_PATHS = "$(inherited) @executable_path/Frameworks @loader_path/Frameworks";
				PRODUCT_BUNDLE_IDENTIFIER = com.fatimehdi.FisuTests;
				PRODUCT_NAME = "$(TARGET_NAME)";
				TEST_HOST = "$(BUILT_PRODUCTS_DIR)/Fisu.app/Fisu";
			};
			name = Release;
		};
		914BAED51CBBA6D20060F98E /* Debug */ = {
			isa = XCBuildConfiguration;
			buildSettings = {
				INFOPLIST_FILE = FisuUITests/Info.plist;
				LD_RUNPATH_SEARCH_PATHS = "$(inherited) @executable_path/Frameworks @loader_path/Frameworks";
				PRODUCT_BUNDLE_IDENTIFIER = com.fatimehdi.FisuUITests;
				PRODUCT_NAME = "$(TARGET_NAME)";
				TEST_TARGET_NAME = Fisu;
			};
			name = Debug;
		};
		914BAED61CBBA6D20060F98E /* Release */ = {
			isa = XCBuildConfiguration;
			buildSettings = {
				INFOPLIST_FILE = FisuUITests/Info.plist;
				LD_RUNPATH_SEARCH_PATHS = "$(inherited) @executable_path/Frameworks @loader_path/Frameworks";
				PRODUCT_BUNDLE_IDENTIFIER = com.fatimehdi.FisuUITests;
				PRODUCT_NAME = "$(TARGET_NAME)";
				TEST_TARGET_NAME = Fisu;
			};
			name = Release;
		};
/* End XCBuildConfiguration section */

/* Begin XCConfigurationList section */
		914BAE9C1CBBA6D10060F98E /* Build configuration list for PBXProject "Fisu" */ = {
			isa = XCConfigurationList;
			buildConfigurations = (
				914BAECC1CBBA6D20060F98E /* Debug */,
				914BAECD1CBBA6D20060F98E /* Release */,
			);
			defaultConfigurationIsVisible = 0;
			defaultConfigurationName = Release;
		};
		914BAECE1CBBA6D20060F98E /* Build configuration list for PBXNativeTarget "Fisu" */ = {
			isa = XCConfigurationList;
			buildConfigurations = (
				914BAECF1CBBA6D20060F98E /* Debug */,
				914BAED01CBBA6D20060F98E /* Release */,
			);
			defaultConfigurationIsVisible = 0;
		};
		914BAED11CBBA6D20060F98E /* Build configuration list for PBXNativeTarget "FisuTests" */ = {
			isa = XCConfigurationList;
			buildConfigurations = (
				914BAED21CBBA6D20060F98E /* Debug */,
				914BAED31CBBA6D20060F98E /* Release */,
			);
			defaultConfigurationIsVisible = 0;
		};
		914BAED41CBBA6D20060F98E /* Build configuration list for PBXNativeTarget "FisuUITests" */ = {
			isa = XCConfigurationList;
			buildConfigurations = (
				914BAED51CBBA6D20060F98E /* Debug */,
				914BAED61CBBA6D20060F98E /* Release */,
			);
			defaultConfigurationIsVisible = 0;
		};
/* End XCConfigurationList section */

/* Begin XCVersionGroup section */
		914BAEA61CBBA6D20060F98E /* Fisu.xcdatamodeld */ = {
			isa = XCVersionGroup;
			children = (
				914BAEA71CBBA6D20060F98E /* Fisu.xcdatamodel */,
			);
			currentVersion = 914BAEA71CBBA6D20060F98E /* Fisu.xcdatamodel */;
			path = Fisu.xcdatamodeld;
			sourceTree = "<group>";
			versionGroupType = wrapper.xcdatamodel;
		};
/* End XCVersionGroup section */
	};
	rootObject = 914BAE991CBBA6D10060F98E /* Project object */;
}
